// !$*UTF8*$!
{
	archiveVersion = 1;
	classes = {
	};
	objectVersion = 50;
	objects = {

/* Begin PBXBuildFile section */
		EBF8475B21C71DB70063B2CB /* SearchTableViewController.swift in Sources */ = {isa = PBXBuildFile; fileRef = EBF8475A21C71DB70063B2CB /* SearchTableViewController.swift */; };
		EBF8475D21C71DF00063B2CB /* BookshelfCollectionViewController.swift in Sources */ = {isa = PBXBuildFile; fileRef = EBF8475C21C71DF00063B2CB /* BookshelfCollectionViewController.swift */; };
		EBF8475F21C71E2E0063B2CB /* ShelfTableViewController.swift in Sources */ = {isa = PBXBuildFile; fileRef = EBF8475E21C71E2E0063B2CB /* ShelfTableViewController.swift */; };
		EBF8476121C71E570063B2CB /* DetailViewController.swift in Sources */ = {isa = PBXBuildFile; fileRef = EBF8476021C71E570063B2CB /* DetailViewController.swift */; };
		EBF8476321C71E930063B2CB /* SearchTableViewCell.swift in Sources */ = {isa = PBXBuildFile; fileRef = EBF8476221C71E930063B2CB /* SearchTableViewCell.swift */; };
		EBF8476521C71EC40063B2CB /* BookCollectionViewCell.swift in Sources */ = {isa = PBXBuildFile; fileRef = EBF8476421C71EC40063B2CB /* BookCollectionViewCell.swift */; };
		EBF8476721C71F150063B2CB /* ShelveTableViewCell.swift in Sources */ = {isa = PBXBuildFile; fileRef = EBF8476621C71F150063B2CB /* ShelveTableViewCell.swift */; };
		EBF8476921C83A440063B2CB /* Book.swift in Sources */ = {isa = PBXBuildFile; fileRef = EBF8476821C83A440063B2CB /* Book.swift */; };
		EBF8476B21C841710063B2CB /* Network.swift in Sources */ = {isa = PBXBuildFile; fileRef = EBF8476A21C841710063B2CB /* Network.swift */; };
		EBF8476D21C843480063B2CB /* BookController.swift in Sources */ = {isa = PBXBuildFile; fileRef = EBF8476C21C843480063B2CB /* BookController.swift */; };
		EBF8476F21C85DCC0063B2CB /* BookItem.swift in Sources */ = {isa = PBXBuildFile; fileRef = EBF8476E21C85DCC0063B2CB /* BookItem.swift */; };
		EBFAAF9821BF27D800121710 /* AppDelegate.swift in Sources */ = {isa = PBXBuildFile; fileRef = EBFAAF9721BF27D800121710 /* AppDelegate.swift */; };
		EBFAAF9D21BF27D800121710 /* Main.storyboard in Resources */ = {isa = PBXBuildFile; fileRef = EBFAAF9B21BF27D800121710 /* Main.storyboard */; };
		EBFAAF9F21BF27DA00121710 /* Assets.xcassets in Resources */ = {isa = PBXBuildFile; fileRef = EBFAAF9E21BF27DA00121710 /* Assets.xcassets */; };
		EBFAAFA221BF27DA00121710 /* LaunchScreen.storyboard in Resources */ = {isa = PBXBuildFile; fileRef = EBFAAFA021BF27DA00121710 /* LaunchScreen.storyboard */; };
/* End PBXBuildFile section */

/* Begin PBXFileReference section */
		EBF8475A21C71DB70063B2CB /* SearchTableViewController.swift */ = {isa = PBXFileReference; lastKnownFileType = sourcecode.swift; path = SearchTableViewController.swift; sourceTree = "<group>"; };
		EBF8475C21C71DF00063B2CB /* BookshelfCollectionViewController.swift */ = {isa = PBXFileReference; lastKnownFileType = sourcecode.swift; path = BookshelfCollectionViewController.swift; sourceTree = "<group>"; };
		EBF8475E21C71E2E0063B2CB /* ShelfTableViewController.swift */ = {isa = PBXFileReference; lastKnownFileType = sourcecode.swift; path = ShelfTableViewController.swift; sourceTree = "<group>"; };
		EBF8476021C71E570063B2CB /* DetailViewController.swift */ = {isa = PBXFileReference; lastKnownFileType = sourcecode.swift; path = DetailViewController.swift; sourceTree = "<group>"; };
		EBF8476221C71E930063B2CB /* SearchTableViewCell.swift */ = {isa = PBXFileReference; lastKnownFileType = sourcecode.swift; path = SearchTableViewCell.swift; sourceTree = "<group>"; };
		EBF8476421C71EC40063B2CB /* BookCollectionViewCell.swift */ = {isa = PBXFileReference; lastKnownFileType = sourcecode.swift; path = BookCollectionViewCell.swift; sourceTree = "<group>"; };
		EBF8476621C71F150063B2CB /* ShelveTableViewCell.swift */ = {isa = PBXFileReference; lastKnownFileType = sourcecode.swift; path = ShelveTableViewCell.swift; sourceTree = "<group>"; };
		EBF8476821C83A440063B2CB /* Book.swift */ = {isa = PBXFileReference; lastKnownFileType = sourcecode.swift; path = Book.swift; sourceTree = "<group>"; };
		EBF8476A21C841710063B2CB /* Network.swift */ = {isa = PBXFileReference; lastKnownFileType = sourcecode.swift; path = Network.swift; sourceTree = "<group>"; };
		EBF8476C21C843480063B2CB /* BookController.swift */ = {isa = PBXFileReference; lastKnownFileType = sourcecode.swift; path = BookController.swift; sourceTree = "<group>"; };
		EBF8476E21C85DCC0063B2CB /* BookItem.swift */ = {isa = PBXFileReference; lastKnownFileType = sourcecode.swift; path = BookItem.swift; sourceTree = "<group>"; };
		EBFAAF9421BF27D800121710 /* Google Books.app */ = {isa = PBXFileReference; explicitFileType = wrapper.application; includeInIndex = 0; path = "Google Books.app"; sourceTree = BUILT_PRODUCTS_DIR; };
		EBFAAF9721BF27D800121710 /* AppDelegate.swift */ = {isa = PBXFileReference; lastKnownFileType = sourcecode.swift; path = AppDelegate.swift; sourceTree = "<group>"; };
		EBFAAF9C21BF27D800121710 /* Base */ = {isa = PBXFileReference; lastKnownFileType = file.storyboard; name = Base; path = Base.lproj/Main.storyboard; sourceTree = "<group>"; };
		EBFAAF9E21BF27DA00121710 /* Assets.xcassets */ = {isa = PBXFileReference; lastKnownFileType = folder.assetcatalog; path = Assets.xcassets; sourceTree = "<group>"; };
		EBFAAFA121BF27DA00121710 /* Base */ = {isa = PBXFileReference; lastKnownFileType = file.storyboard; name = Base; path = Base.lproj/LaunchScreen.storyboard; sourceTree = "<group>"; };
		EBFAAFA321BF27DA00121710 /* Info.plist */ = {isa = PBXFileReference; lastKnownFileType = text.plist.xml; path = Info.plist; sourceTree = "<group>"; };
/* End PBXFileReference section */

/* Begin PBXFrameworksBuildPhase section */
		EBFAAF9121BF27D700121710 /* Frameworks */ = {
			isa = PBXFrameworksBuildPhase;
			buildActionMask = 2147483647;
			files = (
			);
			runOnlyForDeploymentPostprocessing = 0;
		};
/* End PBXFrameworksBuildPhase section */

/* Begin PBXGroup section */
		EBFAAF8B21BF27D700121710 = {
			isa = PBXGroup;
			children = (
				EBFAAF9621BF27D800121710 /* Google Books */,
				EBFAAF9521BF27D800121710 /* Products */,
			);
			sourceTree = "<group>";
		};
		EBFAAF9521BF27D800121710 /* Products */ = {
			isa = PBXGroup;
			children = (
				EBFAAF9421BF27D800121710 /* Google Books.app */,
			);
			name = Products;
			sourceTree = "<group>";
		};
		EBFAAF9621BF27D800121710 /* Google Books */ = {
			isa = PBXGroup;
			children = (
				EBFAAFAB21BF938200121710 /* Model */,
				EBFAAFAA21BF937B00121710 /* View Controller */,
				EBFAAFA921BF937000121710 /* Model Controller */,
				EBFAAF9721BF27D800121710 /* AppDelegate.swift */,
				EBFAAF9B21BF27D800121710 /* Main.storyboard */,
				EBFAAF9E21BF27DA00121710 /* Assets.xcassets */,
				EBFAAFA021BF27DA00121710 /* LaunchScreen.storyboard */,
				EBFAAFA321BF27DA00121710 /* Info.plist */,
			);
			path = "Google Books";
			sourceTree = "<group>";
		};
		EBFAAFA921BF937000121710 /* Model Controller */ = {
			isa = PBXGroup;
			children = (
				EBF8476A21C841710063B2CB /* Network.swift */,
				EBF8476C21C843480063B2CB /* BookController.swift */,
			);
			path = "Model Controller";
			sourceTree = "<group>";
		};
		EBFAAFAA21BF937B00121710 /* View Controller */ = {
			isa = PBXGroup;
			children = (
				EBF8475A21C71DB70063B2CB /* SearchTableViewController.swift */,
				EBF8475C21C71DF00063B2CB /* BookshelfCollectionViewController.swift */,
				EBF8475E21C71E2E0063B2CB /* ShelfTableViewController.swift */,
				EBF8476021C71E570063B2CB /* DetailViewController.swift */,
				EBF8476221C71E930063B2CB /* SearchTableViewCell.swift */,
				EBF8476421C71EC40063B2CB /* BookCollectionViewCell.swift */,
				EBF8476621C71F150063B2CB /* ShelveTableViewCell.swift */,
			);
			path = "View Controller";
			sourceTree = "<group>";
		};
		EBFAAFAB21BF938200121710 /* Model */ = {
			isa = PBXGroup;
			children = (
				EBF8476821C83A440063B2CB /* Book.swift */,
				EBF8476E21C85DCC0063B2CB /* BookItem.swift */,
			);
			path = Model;
			sourceTree = "<group>";
		};
/* End PBXGroup section */

/* Begin PBXNativeTarget section */
		EBFAAF9321BF27D700121710 /* Google Books */ = {
			isa = PBXNativeTarget;
			buildConfigurationList = EBFAAFA621BF27DA00121710 /* Build configuration list for PBXNativeTarget "Google Books" */;
			buildPhases = (
				EBFAAF9021BF27D700121710 /* Sources */,
				EBFAAF9121BF27D700121710 /* Frameworks */,
				EBFAAF9221BF27D700121710 /* Resources */,
			);
			buildRules = (
			);
			dependencies = (
			);
			name = "Google Books";
			productName = "Google Books";
			productReference = EBFAAF9421BF27D800121710 /* Google Books.app */;
			productType = "com.apple.product-type.application";
		};
/* End PBXNativeTarget section */

/* Begin PBXProject section */
		EBFAAF8C21BF27D700121710 /* Project object */ = {
			isa = PBXProject;
			attributes = {
				LastSwiftUpdateCheck = 1010;
				LastUpgradeCheck = 1010;
				ORGANIZATIONNAME = "Iyin Raphael";
				TargetAttributes = {
					EBFAAF9321BF27D700121710 = {
						CreatedOnToolsVersion = 10.1;
					};
				};
			};
			buildConfigurationList = EBFAAF8F21BF27D700121710 /* Build configuration list for PBXProject "Google Books" */;
			compatibilityVersion = "Xcode 9.3";
			developmentRegion = en;
			hasScannedForEncodings = 0;
			knownRegions = (
				en,
				Base,
			);
			mainGroup = EBFAAF8B21BF27D700121710;
			productRefGroup = EBFAAF9521BF27D800121710 /* Products */;
			projectDirPath = "";
			projectRoot = "";
			targets = (
				EBFAAF9321BF27D700121710 /* Google Books */,
			);
		};
/* End PBXProject section */

/* Begin PBXResourcesBuildPhase section */
		EBFAAF9221BF27D700121710 /* Resources */ = {
			isa = PBXResourcesBuildPhase;
			buildActionMask = 2147483647;
			files = (
				EBFAAFA221BF27DA00121710 /* LaunchScreen.storyboard in Resources */,
				EBFAAF9F21BF27DA00121710 /* Assets.xcassets in Resources */,
				EBFAAF9D21BF27D800121710 /* Main.storyboard in Resources */,
			);
			runOnlyForDeploymentPostprocessing = 0;
		};
/* End PBXResourcesBuildPhase section */

/* Begin PBXSourcesBuildPhase section */
		EBFAAF9021BF27D700121710 /* Sources */ = {
			isa = PBXSourcesBuildPhase;
			buildActionMask = 2147483647;
			files = (
				EBF8476B21C841710063B2CB /* Network.swift in Sources */,
				EBF8476D21C843480063B2CB /* BookController.swift in Sources */,
				EBFAAF9821BF27D800121710 /* AppDelegate.swift in Sources */,
				EBF8475D21C71DF00063B2CB /* BookshelfCollectionViewController.swift in Sources */,
				EBF8476121C71E570063B2CB /* DetailViewController.swift in Sources */,
				EBF8476321C71E930063B2CB /* SearchTableViewCell.swift in Sources */,
				EBF8476521C71EC40063B2CB /* BookCollectionViewCell.swift in Sources */,
				EBF8476F21C85DCC0063B2CB /* BookItem.swift in Sources */,
				EBF8476921C83A440063B2CB /* Book.swift in Sources */,
				EBF8475F21C71E2E0063B2CB /* ShelfTableViewController.swift in Sources */,
				EBF8476721C71F150063B2CB /* ShelveTableViewCell.swift in Sources */,
				EBF8475B21C71DB70063B2CB /* SearchTableViewController.swift in Sources */,
			);
			runOnlyForDeploymentPostprocessing = 0;
		};
/* End PBXSourcesBuildPhase section */

/* Begin PBXVariantGroup section */
		EBFAAF9B21BF27D800121710 /* Main.storyboard */ = {
			isa = PBXVariantGroup;
			children = (
				EBFAAF9C21BF27D800121710 /* Base */,
			);
			name = Main.storyboard;
			sourceTree = "<group>";
		};
		EBFAAFA021BF27DA00121710 /* LaunchScreen.storyboard */ = {
			isa = PBXVariantGroup;
			children = (
				EBFAAFA121BF27DA00121710 /* Base */,
			);
			name = LaunchScreen.storyboard;
			sourceTree = "<group>";
		};
/* End PBXVariantGroup section */

/* Begin XCBuildConfiguration section */
		EBFAAFA421BF27DA00121710 /* Debug */ = {
			isa = XCBuildConfiguration;
			buildSettings = {
				ALWAYS_SEARCH_USER_PATHS = NO;
				CLANG_ANALYZER_NONNULL = YES;
				CLANG_ANALYZER_NUMBER_OBJECT_CONVERSION = YES_AGGRESSIVE;
				CLANG_CXX_LANGUAGE_STANDARD = "gnu++14";
				CLANG_CXX_LIBRARY = "libc++";
				CLANG_ENABLE_MODULES = YES;
				CLANG_ENABLE_OBJC_ARC = YES;
				CLANG_ENABLE_OBJC_WEAK = YES;
				CLANG_WARN_BLOCK_CAPTURE_AUTORELEASING = YES;
				CLANG_WARN_BOOL_CONVERSION = YES;
				CLANG_WARN_COMMA = YES;
				CLANG_WARN_CONSTANT_CONVERSION = YES;
				CLANG_WARN_DEPRECATED_OBJC_IMPLEMENTATIONS = YES;
				CLANG_WARN_DIRECT_OBJC_ISA_USAGE = YES_ERROR;
				CLANG_WARN_DOCUMENTATION_COMMENTS = YES;
				CLANG_WARN_EMPTY_BODY = YES;
				CLANG_WARN_ENUM_CONVERSION = YES;
				CLANG_WARN_INFINITE_RECURSION = YES;
				CLANG_WARN_INT_CONVERSION = YES;
				CLANG_WARN_NON_LITERAL_NULL_CONVERSION = YES;
				CLANG_WARN_OBJC_IMPLICIT_RETAIN_SELF = YES;
				CLANG_WARN_OBJC_LITERAL_CONVERSION = YES;
				CLANG_WARN_OBJC_ROOT_CLASS = YES_ERROR;
				CLANG_WARN_RANGE_LOOP_ANALYSIS = YES;
				CLANG_WARN_STRICT_PROTOTYPES = YES;
				CLANG_WARN_SUSPICIOUS_MOVE = YES;
				CLANG_WARN_UNGUARDED_AVAILABILITY = YES_AGGRESSIVE;
				CLANG_WARN_UNREACHABLE_CODE = YES;
				CLANG_WARN__DUPLICATE_METHOD_MATCH = YES;
				CODE_SIGN_IDENTITY = "iPhone Developer";
				COPY_PHASE_STRIP = NO;
				DEBUG_INFORMATION_FORMAT = dwarf;
				ENABLE_STRICT_OBJC_MSGSEND = YES;
				ENABLE_TESTABILITY = YES;
				GCC_C_LANGUAGE_STANDARD = gnu11;
				GCC_DYNAMIC_NO_PIC = NO;
				GCC_NO_COMMON_BLOCKS = YES;
				GCC_OPTIMIZATION_LEVEL = 0;
				GCC_PREPROCESSOR_DEFINITIONS = (
					"DEBUG=1",
					"$(inherited)",
				);
				GCC_WARN_64_TO_32_BIT_CONVERSION = YES;
				GCC_WARN_ABOUT_RETURN_TYPE = YES_ERROR;
				GCC_WARN_UNDECLARED_SELECTOR = YES;
				GCC_WARN_UNINITIALIZED_AUTOS = YES_AGGRESSIVE;
				GCC_WARN_UNUSED_FUNCTION = YES;
				GCC_WARN_UNUSED_VARIABLE = YES;
				IPHONEOS_DEPLOYMENT_TARGET = 12.1;
				MTL_ENABLE_DEBUG_INFO = INCLUDE_SOURCE;
				MTL_FAST_MATH = YES;
				ONLY_ACTIVE_ARCH = YES;
				SDKROOT = iphoneos;
				SWIFT_ACTIVE_COMPILATION_CONDITIONS = DEBUG;
				SWIFT_OPTIMIZATION_LEVEL = "-Onone";
			};
			name = Debug;
		};
		EBFAAFA521BF27DA00121710 /* Release */ = {
			isa = XCBuildConfiguration;
			buildSettings = {
				ALWAYS_SEARCH_USER_PATHS = NO;
				CLANG_ANALYZER_NONNULL = YES;
				CLANG_ANALYZER_NUMBER_OBJECT_CONVERSION = YES_AGGRESSIVE;
				CLANG_CXX_LANGUAGE_STANDARD = "gnu++14";
				CLANG_CXX_LIBRARY = "libc++";
				CLANG_ENABLE_MODULES = YES;
				CLANG_ENABLE_OBJC_ARC = YES;
				CLANG_ENABLE_OBJC_WEAK = YES;
				CLANG_WARN_BLOCK_CAPTURE_AUTORELEASING = YES;
				CLANG_WARN_BOOL_CONVERSION = YES;
				CLANG_WARN_COMMA = YES;
				CLANG_WARN_CONSTANT_CONVERSION = YES;
				CLANG_WARN_DEPRECATED_OBJC_IMPLEMENTATIONS = YES;
				CLANG_WARN_DIRECT_OBJC_ISA_USAGE = YES_ERROR;
				CLANG_WARN_DOCUMENTATION_COMMENTS = YES;
				CLANG_WARN_EMPTY_BODY = YES;
				CLANG_WARN_ENUM_CONVERSION = YES;
				CLANG_WARN_INFINITE_RECURSION = YES;
				CLANG_WARN_INT_CONVERSION = YES;
				CLANG_WARN_NON_LITERAL_NULL_CONVERSION = YES;
				CLANG_WARN_OBJC_IMPLICIT_RETAIN_SELF = YES;
				CLANG_WARN_OBJC_LITERAL_CONVERSION = YES;
				CLANG_WARN_OBJC_ROOT_CLASS = YES_ERROR;
				CLANG_WARN_RANGE_LOOP_ANALYSIS = YES;
				CLANG_WARN_STRICT_PROTOTYPES = YES;
				CLANG_WARN_SUSPICIOUS_MOVE = YES;
				CLANG_WARN_UNGUARDED_AVAILABILITY = YES_AGGRESSIVE;
				CLANG_WARN_UNREACHABLE_CODE = YES;
				CLANG_WARN__DUPLICATE_METHOD_MATCH = YES;
				CODE_SIGN_IDENTITY = "iPhone Developer";
				COPY_PHASE_STRIP = NO;
				DEBUG_INFORMATION_FORMAT = "dwarf-with-dsym";
				ENABLE_NS_ASSERTIONS = NO;
				ENABLE_STRICT_OBJC_MSGSEND = YES;
				GCC_C_LANGUAGE_STANDARD = gnu11;
				GCC_NO_COMMON_BLOCKS = YES;
				GCC_WARN_64_TO_32_BIT_CONVERSION = YES;
				GCC_WARN_ABOUT_RETURN_TYPE = YES_ERROR;
				GCC_WARN_UNDECLARED_SELECTOR = YES;
				GCC_WARN_UNINITIALIZED_AUTOS = YES_AGGRESSIVE;
				GCC_WARN_UNUSED_FUNCTION = YES;
				GCC_WARN_UNUSED_VARIABLE = YES;
				IPHONEOS_DEPLOYMENT_TARGET = 12.1;
				MTL_ENABLE_DEBUG_INFO = NO;
				MTL_FAST_MATH = YES;
				SDKROOT = iphoneos;
				SWIFT_COMPILATION_MODE = wholemodule;
				SWIFT_OPTIMIZATION_LEVEL = "-O";
				VALIDATE_PRODUCT = YES;
			};
			name = Release;
		};
		EBFAAFA721BF27DA00121710 /* Debug */ = {
			isa = XCBuildConfiguration;
			buildSettings = {
				ASSETCATALOG_COMPILER_APPICON_NAME = AppIcon;
				CODE_SIGN_STYLE = Automatic;
				INFOPLIST_FILE = "Google Books/Info.plist";
				LD_RUNPATH_SEARCH_PATHS = (
					"$(inherited)",
					"@executable_path/Frameworks",
				);
				PRODUCT_BUNDLE_IDENTIFIER = "com.iyinraphael.Google-Books";
				PRODUCT_NAME = "$(TARGET_NAME)";
				SWIFT_VERSION = 4.2;
				TARGETED_DEVICE_FAMILY = "1,2";
			};
			name = Debug;
		};
		EBFAAFA821BF27DA00121710 /* Release */ = {
			isa = XCBuildConfiguration;
			buildSettings = {
				ASSETCATALOG_COMPILER_APPICON_NAME = AppIcon;
				CODE_SIGN_STYLE = Automatic;
				INFOPLIST_FILE = "Google Books/Info.plist";
				LD_RUNPATH_SEARCH_PATHS = (
					"$(inherited)",
					"@executable_path/Frameworks",
				);
				PRODUCT_BUNDLE_IDENTIFIER = "com.iyinraphael.Google-Books";
				PRODUCT_NAME = "$(TARGET_NAME)";
				SWIFT_VERSION = 4.2;
				TARGETED_DEVICE_FAMILY = "1,2";
			};
			name = Release;
		};
/* End XCBuildConfiguration section */

/* Begin XCConfigurationList section */
		EBFAAF8F21BF27D700121710 /* Build configuration list for PBXProject "Google Books" */ = {
			isa = XCConfigurationList;
			buildConfigurations = (
				EBFAAFA421BF27DA00121710 /* Debug */,
				EBFAAFA521BF27DA00121710 /* Release */,
			);
			defaultConfigurationIsVisible = 0;
			defaultConfigurationName = Release;
		};
		EBFAAFA621BF27DA00121710 /* Build configuration list for PBXNativeTarget "Google Books" */ = {
			isa = XCConfigurationList;
			buildConfigurations = (
				EBFAAFA721BF27DA00121710 /* Debug */,
				EBFAAFA821BF27DA00121710 /* Release */,
			);
			defaultConfigurationIsVisible = 0;
			defaultConfigurationName = Release;
		};
/* End XCConfigurationList section */
	};
	rootObject = EBFAAF8C21BF27D700121710 /* Project object */;
}
